PODS:
  - WaveAnimationView (1.0.2)

DEPENDENCIES:
  - WaveAnimationView

SPEC REPOS:
  https://github.com/cocoapods/specs.git:
    - WaveAnimationView

SPEC CHECKSUMS:
  WaveAnimationView: 1ffdf3184884eb3270f4b19cc2e69893fec16b9d

PODFILE CHECKSUM: 4d1e259f99996ae290bfb77a59f02e0d5619adf1

COCOAPODS: 1.6.1
