// !$*UTF8*$!
{
	archiveVersion = 1;
	classes = {
	};
	objectVersion = 50;
	objects = {

/* Begin PBXBuildFile section */
		BF284BB12290D730002E701E /* ClockViewController.swift in Sources */ = {isa = PBXBuildFile; fileRef = BF380DAE228BC5F600E88BFC /* ClockViewController.swift */; };
		BF380DAB228AF9C400E88BFC /* CustomPickerView.swift in Sources */ = {isa = PBXBuildFile; fileRef = BF380DAA228AF9C400E88BFC /* CustomPickerView.swift */; };
		BF380DAD228BAF7100E88BFC /* LifeSpanCounter.swift in Sources */ = {isa = PBXBuildFile; fileRef = BF380DAC228BAF7100E88BFC /* LifeSpanCounter.swift */; };
		BF3E963B22A7758000A7F9BD /* SettingViewController.swift in Sources */ = {isa = PBXBuildFile; fileRef = BF3E963A22A7758000A7F9BD /* SettingViewController.swift */; };
		BF530B42218AE3ED00CE6CF9 /* Settings.bundle in Resources */ = {isa = PBXBuildFile; fileRef = BF530B41218AE3ED00CE6CF9 /* Settings.bundle */; };
		BF8510DB228AE74D001D3779 /* CustomDatePicker.swift in Sources */ = {isa = PBXBuildFile; fileRef = BF8510DA228AE74D001D3779 /* CustomDatePicker.swift */; };
		BF8EED0821806B94003FA8B8 /* AppDelegate.swift in Sources */ = {isa = PBXBuildFile; fileRef = BF8EED0721806B94003FA8B8 /* AppDelegate.swift */; };
		BF8EED0D21806B94003FA8B8 /* Main.storyboard in Resources */ = {isa = PBXBuildFile; fileRef = BF8EED0B21806B94003FA8B8 /* Main.storyboard */; };
		BF8EED0F21806B96003FA8B8 /* Assets.xcassets in Resources */ = {isa = PBXBuildFile; fileRef = BF8EED0E21806B96003FA8B8 /* Assets.xcassets */; };
		BF8EED1221806B96003FA8B8 /* LaunchScreen.storyboard in Resources */ = {isa = PBXBuildFile; fileRef = BF8EED1021806B96003FA8B8 /* LaunchScreen.storyboard */; };
		BFC2170422814C560050DF2C /* UIColor+.swift in Sources */ = {isa = PBXBuildFile; fileRef = BFC2170322814C560050DF2C /* UIColor+.swift */; };
		BFC2170A22815EE70050DF2C /* CustomNavigationController.swift in Sources */ = {isa = PBXBuildFile; fileRef = BFC2170922815EE70050DF2C /* CustomNavigationController.swift */; };
		BFD68370228AB9B70001A7E5 /* FadeTransitionAnimator.swift in Sources */ = {isa = PBXBuildFile; fileRef = BFD6836F228AB9B70001A7E5 /* FadeTransitionAnimator.swift */; };
		BFD68374228AC1390001A7E5 /* CustomIntroViewController.swift in Sources */ = {isa = PBXBuildFile; fileRef = BFD68373228AC1390001A7E5 /* CustomIntroViewController.swift */; };
		BFD68376228AC2190001A7E5 /* DiagnosisViewControllers.swift in Sources */ = {isa = PBXBuildFile; fileRef = BFD68375228AC2190001A7E5 /* DiagnosisViewControllers.swift */; };
		BFD68378228ACC780001A7E5 /* UserInfoDataSouce.swift in Sources */ = {isa = PBXBuildFile; fileRef = BFD68377228ACC780001A7E5 /* UserInfoDataSouce.swift */; };
		BFD6837A228ACC7F0001A7E5 /* UserInfo.swift in Sources */ = {isa = PBXBuildFile; fileRef = BFD68379228ACC7F0001A7E5 /* UserInfo.swift */; };
		BFE858C0228D8C4500290916 /* BigJohnPRO-Regular.otf in Resources */ = {isa = PBXBuildFile; fileRef = BFE858BF228D8C3400290916 /* BigJohnPRO-Regular.otf */; };
		BFE858C2228D96D000290916 /* UIView+.swift in Sources */ = {isa = PBXBuildFile; fileRef = BFE858C1228D96D000290916 /* UIView+.swift */; };
		BFE858CD228D9DF400290916 /* UIViewController+.swift in Sources */ = {isa = PBXBuildFile; fileRef = BFE858CC228D9DF400290916 /* UIViewController+.swift */; };
		FDA020C568F1D64686633271 /* Pods_Limit.framework in Frameworks */ = {isa = PBXBuildFile; fileRef = 0B7CE910742E11A289338AAE /* Pods_Limit.framework */; };
/* End PBXBuildFile section */

/* Begin PBXFileReference section */
		0B7CE910742E11A289338AAE /* Pods_Limit.framework */ = {isa = PBXFileReference; explicitFileType = wrapper.framework; includeInIndex = 0; path = Pods_Limit.framework; sourceTree = BUILT_PRODUCTS_DIR; };
		5DBB0980D5D34BDBFB5C619E /* Pods-Limit.debug.xcconfig */ = {isa = PBXFileReference; includeInIndex = 1; lastKnownFileType = text.xcconfig; name = "Pods-Limit.debug.xcconfig"; path = "Pods/Target Support Files/Pods-Limit/Pods-Limit.debug.xcconfig"; sourceTree = "<group>"; };
		636B00AF8EE7D035BAD3FF77 /* Pods-Limit.release.xcconfig */ = {isa = PBXFileReference; includeInIndex = 1; lastKnownFileType = text.xcconfig; name = "Pods-Limit.release.xcconfig"; path = "Pods/Target Support Files/Pods-Limit/Pods-Limit.release.xcconfig"; sourceTree = "<group>"; };
		BF380DAA228AF9C400E88BFC /* CustomPickerView.swift */ = {isa = PBXFileReference; lastKnownFileType = sourcecode.swift; path = CustomPickerView.swift; sourceTree = "<group>"; };
		BF380DAC228BAF7100E88BFC /* LifeSpanCounter.swift */ = {isa = PBXFileReference; lastKnownFileType = sourcecode.swift; path = LifeSpanCounter.swift; sourceTree = "<group>"; };
		BF380DAE228BC5F600E88BFC /* ClockViewController.swift */ = {isa = PBXFileReference; lastKnownFileType = sourcecode.swift; path = ClockViewController.swift; sourceTree = "<group>"; };
		BF3E963A22A7758000A7F9BD /* SettingViewController.swift */ = {isa = PBXFileReference; lastKnownFileType = sourcecode.swift; path = SettingViewController.swift; sourceTree = "<group>"; };
		BF530B41218AE3ED00CE6CF9 /* Settings.bundle */ = {isa = PBXFileReference; lastKnownFileType = "wrapper.plug-in"; path = Settings.bundle; sourceTree = "<group>"; };
		BF8510DA228AE74D001D3779 /* CustomDatePicker.swift */ = {isa = PBXFileReference; lastKnownFileType = sourcecode.swift; path = CustomDatePicker.swift; sourceTree = "<group>"; };
		BF8EED0421806B94003FA8B8 /* Limit.app */ = {isa = PBXFileReference; explicitFileType = wrapper.application; includeInIndex = 0; path = Limit.app; sourceTree = BUILT_PRODUCTS_DIR; };
		BF8EED0721806B94003FA8B8 /* AppDelegate.swift */ = {isa = PBXFileReference; lastKnownFileType = sourcecode.swift; path = AppDelegate.swift; sourceTree = "<group>"; };
		BF8EED0C21806B94003FA8B8 /* Base */ = {isa = PBXFileReference; lastKnownFileType = file.storyboard; name = Base; path = Base.lproj/Main.storyboard; sourceTree = "<group>"; };
		BF8EED0E21806B96003FA8B8 /* Assets.xcassets */ = {isa = PBXFileReference; lastKnownFileType = folder.assetcatalog; path = Assets.xcassets; sourceTree = "<group>"; };
		BF8EED1121806B96003FA8B8 /* Base */ = {isa = PBXFileReference; lastKnownFileType = file.storyboard; name = Base; path = Base.lproj/LaunchScreen.storyboard; sourceTree = "<group>"; };
		BF8EED1321806B96003FA8B8 /* Info.plist */ = {isa = PBXFileReference; lastKnownFileType = text.plist.xml; path = Info.plist; sourceTree = "<group>"; };
		BFC2170322814C560050DF2C /* UIColor+.swift */ = {isa = PBXFileReference; lastKnownFileType = sourcecode.swift; path = "UIColor+.swift"; sourceTree = "<group>"; };
		BFC2170922815EE70050DF2C /* CustomNavigationController.swift */ = {isa = PBXFileReference; lastKnownFileType = sourcecode.swift; path = CustomNavigationController.swift; sourceTree = "<group>"; };
		BFD6836F228AB9B70001A7E5 /* FadeTransitionAnimator.swift */ = {isa = PBXFileReference; lastKnownFileType = sourcecode.swift; path = FadeTransitionAnimator.swift; sourceTree = "<group>"; };
		BFD68373228AC1390001A7E5 /* CustomIntroViewController.swift */ = {isa = PBXFileReference; lastKnownFileType = sourcecode.swift; path = CustomIntroViewController.swift; sourceTree = "<group>"; };
		BFD68375228AC2190001A7E5 /* DiagnosisViewControllers.swift */ = {isa = PBXFileReference; lastKnownFileType = sourcecode.swift; path = DiagnosisViewControllers.swift; sourceTree = "<group>"; };
		BFD68377228ACC780001A7E5 /* UserInfoDataSouce.swift */ = {isa = PBXFileReference; lastKnownFileType = sourcecode.swift; path = UserInfoDataSouce.swift; sourceTree = "<group>"; };
		BFD68379228ACC7F0001A7E5 /* UserInfo.swift */ = {isa = PBXFileReference; lastKnownFileType = sourcecode.swift; path = UserInfo.swift; sourceTree = "<group>"; };
		BFE858BF228D8C3400290916 /* BigJohnPRO-Regular.otf */ = {isa = PBXFileReference; lastKnownFileType = file; path = "BigJohnPRO-Regular.otf"; sourceTree = "<group>"; };
		BFE858C1228D96D000290916 /* UIView+.swift */ = {isa = PBXFileReference; lastKnownFileType = sourcecode.swift; path = "UIView+.swift"; sourceTree = "<group>"; };
		BFE858CC228D9DF400290916 /* UIViewController+.swift */ = {isa = PBXFileReference; lastKnownFileType = sourcecode.swift; name = "UIViewController+.swift"; path = "Limit/Extensions/UIViewController+.swift"; sourceTree = SOURCE_ROOT; };
/* End PBXFileReference section */

/* Begin PBXFrameworksBuildPhase section */
		BF8EED0121806B94003FA8B8 /* Frameworks */ = {
			isa = PBXFrameworksBuildPhase;
			buildActionMask = 2147483647;
			files = (
				FDA020C568F1D64686633271 /* Pods_Limit.framework in Frameworks */,
			);
			runOnlyForDeploymentPostprocessing = 0;
		};
/* End PBXFrameworksBuildPhase section */

/* Begin PBXGroup section */
		845BE1A575A32CA12CB7F936 /* Pods */ = {
			isa = PBXGroup;
			children = (
				5DBB0980D5D34BDBFB5C619E /* Pods-Limit.debug.xcconfig */,
				636B00AF8EE7D035BAD3FF77 /* Pods-Limit.release.xcconfig */,
			);
			name = Pods;
			sourceTree = "<group>";
		};
		BBB3E12E7530D8B2AC717D09 /* Frameworks */ = {
			isa = PBXGroup;
			children = (
				0B7CE910742E11A289338AAE /* Pods_Limit.framework */,
			);
			name = Frameworks;
			sourceTree = "<group>";
		};
		BF8EECFB21806B94003FA8B8 = {
			isa = PBXGroup;
			children = (
				BF8EED0621806B94003FA8B8 /* Limit */,
				BF8EED0521806B94003FA8B8 /* Products */,
				845BE1A575A32CA12CB7F936 /* Pods */,
				BBB3E12E7530D8B2AC717D09 /* Frameworks */,
			);
			sourceTree = "<group>";
		};
		BF8EED0521806B94003FA8B8 /* Products */ = {
			isa = PBXGroup;
			children = (
				BF8EED0421806B94003FA8B8 /* Limit.app */,
			);
			name = Products;
			sourceTree = "<group>";
		};
		BF8EED0621806B94003FA8B8 /* Limit */ = {
			isa = PBXGroup;
			children = (
				BF8EED0721806B94003FA8B8 /* AppDelegate.swift */,
				BF8EED1321806B96003FA8B8 /* Info.plist */,
				BF530B41218AE3ED00CE6CF9 /* Settings.bundle */,
				BFC2170222814C330050DF2C /* Extensions */,
				BFC216FD228145D00050DF2C /* View */,
				BFC216FF228145FC0050DF2C /* Controller */,
				BFC216FC228145BA0050DF2C /* Model */,
				BF8EED0E21806B96003FA8B8 /* Assets.xcassets */,
				BFE858C5228D9C7F00290916 /* Assets */,
			);
			path = Limit;
			sourceTree = "<group>";
		};
		BFC216FC228145BA0050DF2C /* Model */ = {
			isa = PBXGroup;
			children = (
				BFE858C3228D9C0800290916 /* CustomUI */,
				BFD68379228ACC7F0001A7E5 /* UserInfo.swift */,
				BFD68377228ACC780001A7E5 /* UserInfoDataSouce.swift */,
				BF380DAC228BAF7100E88BFC /* LifeSpanCounter.swift */,
			);
			path = Model;
			sourceTree = "<group>";
		};
		BFC216FD228145D00050DF2C /* View */ = {
			isa = PBXGroup;
			children = (
				BFE858C4228D9C6800290916 /* Storyboards */,
			);
			path = View;
			sourceTree = "<group>";
		};
		BFC216FF228145FC0050DF2C /* Controller */ = {
			isa = PBXGroup;
			children = (
				BFD68375228AC2190001A7E5 /* DiagnosisViewControllers.swift */,
				BF380DAE228BC5F600E88BFC /* ClockViewController.swift */,
				BF3E963A22A7758000A7F9BD /* SettingViewController.swift */,
			);
			path = Controller;
			sourceTree = "<group>";
		};
		BFC2170222814C330050DF2C /* Extensions */ = {
			isa = PBXGroup;
			children = (
				BFC2170322814C560050DF2C /* UIColor+.swift */,
				BFE858C1228D96D000290916 /* UIView+.swift */,
				BFE858CC228D9DF400290916 /* UIViewController+.swift */,
			);
			path = Extensions;
			sourceTree = "<group>";
		};
		BFE858C3228D9C0800290916 /* CustomUI */ = {
			isa = PBXGroup;
			children = (
				BFD6836F228AB9B70001A7E5 /* FadeTransitionAnimator.swift */,
				BFD68373228AC1390001A7E5 /* CustomIntroViewController.swift */,
				BF8510DA228AE74D001D3779 /* CustomDatePicker.swift */,
				BF380DAA228AF9C400E88BFC /* CustomPickerView.swift */,
				BFC2170922815EE70050DF2C /* CustomNavigationController.swift */,
			);
			path = CustomUI;
			sourceTree = "<group>";
		};
		BFE858C4228D9C6800290916 /* Storyboards */ = {
			isa = PBXGroup;
			children = (
				BF8EED1021806B96003FA8B8 /* LaunchScreen.storyboard */,
				BF8EED0B21806B94003FA8B8 /* Main.storyboard */,
			);
			path = Storyboards;
			sourceTree = "<group>";
		};
		BFE858C5228D9C7F00290916 /* Assets */ = {
			isa = PBXGroup;
			children = (
				BFE858BF228D8C3400290916 /* BigJohnPRO-Regular.otf */,
			);
			name = Assets;
			path = ..;
			sourceTree = "<group>";
		};
/* End PBXGroup section */

/* Begin PBXNativeTarget section */
		BF8EED0321806B94003FA8B8 /* Limit */ = {
			isa = PBXNativeTarget;
			buildConfigurationList = BF8EED1621806B96003FA8B8 /* Build configuration list for PBXNativeTarget "Limit" */;
			buildPhases = (
				94978F1DB2AACE062FF8925F /* [CP] Check Pods Manifest.lock */,
				BF8EED0021806B94003FA8B8 /* Sources */,
				BF8EED0121806B94003FA8B8 /* Frameworks */,
				BF8EED0221806B94003FA8B8 /* Resources */,
				0E1403BD2A4DF3F90DB0AD3E /* [CP] Embed Pods Frameworks */,
			);
			buildRules = (
			);
			dependencies = (
			);
			name = Limit;
			productName = Limit;
			productReference = BF8EED0421806B94003FA8B8 /* Limit.app */;
			productType = "com.apple.product-type.application";
		};
/* End PBXNativeTarget section */

/* Begin PBXProject section */
		BF8EECFC21806B94003FA8B8 /* Project object */ = {
			isa = PBXProject;
			attributes = {
				LastSwiftUpdateCheck = 1000;
				LastUpgradeCheck = 1000;
				ORGANIZATIONNAME = "Syunsuke Nakao";
				TargetAttributes = {
					BF8EED0321806B94003FA8B8 = {
						CreatedOnToolsVersion = 10.0;
					};
				};
			};
			buildConfigurationList = BF8EECFF21806B94003FA8B8 /* Build configuration list for PBXProject "Limit" */;
			compatibilityVersion = "Xcode 9.3";
			developmentRegion = en;
			hasScannedForEncodings = 0;
			knownRegions = (
				en,
				Base,
			);
			mainGroup = BF8EECFB21806B94003FA8B8;
			productRefGroup = BF8EED0521806B94003FA8B8 /* Products */;
			projectDirPath = "";
			projectRoot = "";
			targets = (
				BF8EED0321806B94003FA8B8 /* Limit */,
			);
		};
/* End PBXProject section */

/* Begin PBXResourcesBuildPhase section */
		BF8EED0221806B94003FA8B8 /* Resources */ = {
			isa = PBXResourcesBuildPhase;
			buildActionMask = 2147483647;
			files = (
				BFE858C0228D8C4500290916 /* BigJohnPRO-Regular.otf in Resources */,
				BF8EED1221806B96003FA8B8 /* LaunchScreen.storyboard in Resources */,
				BF530B42218AE3ED00CE6CF9 /* Settings.bundle in Resources */,
				BF8EED0F21806B96003FA8B8 /* Assets.xcassets in Resources */,
				BF8EED0D21806B94003FA8B8 /* Main.storyboard in Resources */,
			);
			runOnlyForDeploymentPostprocessing = 0;
		};
/* End PBXResourcesBuildPhase section */

/* Begin PBXShellScriptBuildPhase section */
		0E1403BD2A4DF3F90DB0AD3E /* [CP] Embed Pods Frameworks */ = {
			isa = PBXShellScriptBuildPhase;
			buildActionMask = 2147483647;
			files = (
			);
			inputFileListPaths = (
			);
			inputPaths = (
				"${PODS_ROOT}/Target Support Files/Pods-Limit/Pods-Limit-frameworks.sh",
				"${BUILT_PRODUCTS_DIR}/WaveAnimationView/WaveAnimationView.framework",
			);
			name = "[CP] Embed Pods Frameworks";
			outputFileListPaths = (
			);
			outputPaths = (
				"${TARGET_BUILD_DIR}/${FRAMEWORKS_FOLDER_PATH}/WaveAnimationView.framework",
			);
			runOnlyForDeploymentPostprocessing = 0;
			shellPath = /bin/sh;
			shellScript = "\"${PODS_ROOT}/Target Support Files/Pods-Limit/Pods-Limit-frameworks.sh\"\n";
			showEnvVarsInLog = 0;
		};
		94978F1DB2AACE062FF8925F /* [CP] Check Pods Manifest.lock */ = {
			isa = PBXShellScriptBuildPhase;
			buildActionMask = 2147483647;
			files = (
			);
			inputPaths = (
				"${PODS_PODFILE_DIR_PATH}/Podfile.lock",
				"${PODS_ROOT}/Manifest.lock",
			);
			name = "[CP] Check Pods Manifest.lock";
			outputPaths = (
				"$(DERIVED_FILE_DIR)/Pods-Limit-checkManifestLockResult.txt",
			);
			runOnlyForDeploymentPostprocessing = 0;
			shellPath = /bin/sh;
			shellScript = "diff \"${PODS_PODFILE_DIR_PATH}/Podfile.lock\" \"${PODS_ROOT}/Manifest.lock\" > /dev/null\nif [ $? != 0 ] ; then\n    # print error to STDERR\n    echo \"error: The sandbox is not in sync with the Podfile.lock. Run 'pod install' or update your CocoaPods installation.\" >&2\n    exit 1\nfi\n# This output is used by Xcode 'outputs' to avoid re-running this script phase.\necho \"SUCCESS\" > \"${SCRIPT_OUTPUT_FILE_0}\"\n";
			showEnvVarsInLog = 0;
		};
/* End PBXShellScriptBuildPhase section */

/* Begin PBXSourcesBuildPhase section */
		BF8EED0021806B94003FA8B8 /* Sources */ = {
			isa = PBXSourcesBuildPhase;
			buildActionMask = 2147483647;
			files = (
				BFD68376228AC2190001A7E5 /* DiagnosisViewControllers.swift in Sources */,
				BFC2170422814C560050DF2C /* UIColor+.swift in Sources */,
				BF284BB12290D730002E701E /* ClockViewController.swift in Sources */,
				BFD6837A228ACC7F0001A7E5 /* UserInfo.swift in Sources */,
				BFD68378228ACC780001A7E5 /* UserInfoDataSouce.swift in Sources */,
				BF3E963B22A7758000A7F9BD /* SettingViewController.swift in Sources */,
				BF8EED0821806B94003FA8B8 /* AppDelegate.swift in Sources */,
				BFE858CD228D9DF400290916 /* UIViewController+.swift in Sources */,
				BFD68370228AB9B70001A7E5 /* FadeTransitionAnimator.swift in Sources */,
				BFE858C2228D96D000290916 /* UIView+.swift in Sources */,
				BF8510DB228AE74D001D3779 /* CustomDatePicker.swift in Sources */,
				BFD68374228AC1390001A7E5 /* CustomIntroViewController.swift in Sources */,
				BF380DAB228AF9C400E88BFC /* CustomPickerView.swift in Sources */,
				BFC2170A22815EE70050DF2C /* CustomNavigationController.swift in Sources */,
				BF380DAD228BAF7100E88BFC /* LifeSpanCounter.swift in Sources */,
			);
			runOnlyForDeploymentPostprocessing = 0;
		};
/* End PBXSourcesBuildPhase section */

/* Begin PBXVariantGroup section */
		BF8EED0B21806B94003FA8B8 /* Main.storyboard */ = {
			isa = PBXVariantGroup;
			children = (
				BF8EED0C21806B94003FA8B8 /* Base */,
			);
			name = Main.storyboard;
			sourceTree = "<group>";
		};
		BF8EED1021806B96003FA8B8 /* LaunchScreen.storyboard */ = {
			isa = PBXVariantGroup;
			children = (
				BF8EED1121806B96003FA8B8 /* Base */,
			);
			name = LaunchScreen.storyboard;
			sourceTree = "<group>";
		};
/* End PBXVariantGroup section */

/* Begin XCBuildConfiguration section */
		BF8EED1421806B96003FA8B8 /* Debug */ = {
			isa = XCBuildConfiguration;
			buildSettings = {
				ALWAYS_SEARCH_USER_PATHS = NO;
				CLANG_ANALYZER_NONNULL = YES;
				CLANG_ANALYZER_NUMBER_OBJECT_CONVERSION = YES_AGGRESSIVE;
				CLANG_CXX_LANGUAGE_STANDARD = "gnu++14";
				CLANG_CXX_LIBRARY = "libc++";
				CLANG_ENABLE_MODULES = YES;
				CLANG_ENABLE_OBJC_ARC = YES;
				CLANG_ENABLE_OBJC_WEAK = YES;
				CLANG_WARN_BLOCK_CAPTURE_AUTORELEASING = YES;
				CLANG_WARN_BOOL_CONVERSION = YES;
				CLANG_WARN_COMMA = YES;
				CLANG_WARN_CONSTANT_CONVERSION = YES;
				CLANG_WARN_DEPRECATED_OBJC_IMPLEMENTATIONS = YES;
				CLANG_WARN_DIRECT_OBJC_ISA_USAGE = YES_ERROR;
				CLANG_WARN_DOCUMENTATION_COMMENTS = YES;
				CLANG_WARN_EMPTY_BODY = YES;
				CLANG_WARN_ENUM_CONVERSION = YES;
				CLANG_WARN_INFINITE_RECURSION = YES;
				CLANG_WARN_INT_CONVERSION = YES;
				CLANG_WARN_NON_LITERAL_NULL_CONVERSION = YES;
				CLANG_WARN_OBJC_IMPLICIT_RETAIN_SELF = YES;
				CLANG_WARN_OBJC_LITERAL_CONVERSION = YES;
				CLANG_WARN_OBJC_ROOT_CLASS = YES_ERROR;
				CLANG_WARN_RANGE_LOOP_ANALYSIS = YES;
				CLANG_WARN_STRICT_PROTOTYPES = YES;
				CLANG_WARN_SUSPICIOUS_MOVE = YES;
				CLANG_WARN_UNGUARDED_AVAILABILITY = YES_AGGRESSIVE;
				CLANG_WARN_UNREACHABLE_CODE = YES;
				CLANG_WARN__DUPLICATE_METHOD_MATCH = YES;
				CODE_SIGN_IDENTITY = "iPhone Distribution: Syunsuke Nakao (MA457A3LUC)";
				COPY_PHASE_STRIP = NO;
				DEBUG_INFORMATION_FORMAT = dwarf;
				ENABLE_STRICT_OBJC_MSGSEND = YES;
				ENABLE_TESTABILITY = YES;
				GCC_C_LANGUAGE_STANDARD = gnu11;
				GCC_DYNAMIC_NO_PIC = NO;
				GCC_NO_COMMON_BLOCKS = YES;
				GCC_OPTIMIZATION_LEVEL = 0;
				GCC_PREPROCESSOR_DEFINITIONS = (
					"DEBUG=1",
					"$(inherited)",
				);
				GCC_WARN_64_TO_32_BIT_CONVERSION = YES;
				GCC_WARN_ABOUT_RETURN_TYPE = YES_ERROR;
				GCC_WARN_UNDECLARED_SELECTOR = YES;
				GCC_WARN_UNINITIALIZED_AUTOS = YES_AGGRESSIVE;
				GCC_WARN_UNUSED_FUNCTION = YES;
				GCC_WARN_UNUSED_VARIABLE = YES;
				IPHONEOS_DEPLOYMENT_TARGET = 12.0;
				MTL_ENABLE_DEBUG_INFO = INCLUDE_SOURCE;
				MTL_FAST_MATH = YES;
				ONLY_ACTIVE_ARCH = YES;
				SDKROOT = iphoneos;
				SWIFT_ACTIVE_COMPILATION_CONDITIONS = DEBUG;
				SWIFT_OPTIMIZATION_LEVEL = "-Onone";
			};
			name = Debug;
		};
		BF8EED1521806B96003FA8B8 /* Release */ = {
			isa = XCBuildConfiguration;
			buildSettings = {
				ALWAYS_SEARCH_USER_PATHS = NO;
				CLANG_ANALYZER_NONNULL = YES;
				CLANG_ANALYZER_NUMBER_OBJECT_CONVERSION = YES_AGGRESSIVE;
				CLANG_CXX_LANGUAGE_STANDARD = "gnu++14";
				CLANG_CXX_LIBRARY = "libc++";
				CLANG_ENABLE_MODULES = YES;
				CLANG_ENABLE_OBJC_ARC = YES;
				CLANG_ENABLE_OBJC_WEAK = YES;
				CLANG_WARN_BLOCK_CAPTURE_AUTORELEASING = YES;
				CLANG_WARN_BOOL_CONVERSION = YES;
				CLANG_WARN_COMMA = YES;
				CLANG_WARN_CONSTANT_CONVERSION = YES;
				CLANG_WARN_DEPRECATED_OBJC_IMPLEMENTATIONS = YES;
				CLANG_WARN_DIRECT_OBJC_ISA_USAGE = YES_ERROR;
				CLANG_WARN_DOCUMENTATION_COMMENTS = YES;
				CLANG_WARN_EMPTY_BODY = YES;
				CLANG_WARN_ENUM_CONVERSION = YES;
				CLANG_WARN_INFINITE_RECURSION = YES;
				CLANG_WARN_INT_CONVERSION = YES;
				CLANG_WARN_NON_LITERAL_NULL_CONVERSION = YES;
				CLANG_WARN_OBJC_IMPLICIT_RETAIN_SELF = YES;
				CLANG_WARN_OBJC_LITERAL_CONVERSION = YES;
				CLANG_WARN_OBJC_ROOT_CLASS = YES_ERROR;
				CLANG_WARN_RANGE_LOOP_ANALYSIS = YES;
				CLANG_WARN_STRICT_PROTOTYPES = YES;
				CLANG_WARN_SUSPICIOUS_MOVE = YES;
				CLANG_WARN_UNGUARDED_AVAILABILITY = YES_AGGRESSIVE;
				CLANG_WARN_UNREACHABLE_CODE = YES;
				CLANG_WARN__DUPLICATE_METHOD_MATCH = YES;
				CODE_SIGN_IDENTITY = "iPhone Distribution: Syunsuke Nakao (MA457A3LUC)";
				COPY_PHASE_STRIP = NO;
				DEBUG_INFORMATION_FORMAT = "dwarf-with-dsym";
				ENABLE_NS_ASSERTIONS = NO;
				ENABLE_STRICT_OBJC_MSGSEND = YES;
				GCC_C_LANGUAGE_STANDARD = gnu11;
				GCC_NO_COMMON_BLOCKS = YES;
				GCC_WARN_64_TO_32_BIT_CONVERSION = YES;
				GCC_WARN_ABOUT_RETURN_TYPE = YES_ERROR;
				GCC_WARN_UNDECLARED_SELECTOR = YES;
				GCC_WARN_UNINITIALIZED_AUTOS = YES_AGGRESSIVE;
				GCC_WARN_UNUSED_FUNCTION = YES;
				GCC_WARN_UNUSED_VARIABLE = YES;
				IPHONEOS_DEPLOYMENT_TARGET = 12.0;
				MTL_ENABLE_DEBUG_INFO = NO;
				MTL_FAST_MATH = YES;
				SDKROOT = iphoneos;
				SWIFT_COMPILATION_MODE = wholemodule;
				SWIFT_OPTIMIZATION_LEVEL = "-O";
				VALIDATE_PRODUCT = YES;
			};
			name = Release;
		};
		BF8EED1721806B96003FA8B8 /* Debug */ = {
			isa = XCBuildConfiguration;
			baseConfigurationReference = 5DBB0980D5D34BDBFB5C619E /* Pods-Limit.debug.xcconfig */;
			buildSettings = {
				ASSETCATALOG_COMPILER_APPICON_NAME = AppIcon;
				CODE_SIGN_IDENTITY = "iPhone Developer";
				CODE_SIGN_STYLE = Automatic;
				DEVELOPMENT_TEAM = MA457A3LUC;
				INFOPLIST_FILE = Limit/Info.plist;
				LD_RUNPATH_SEARCH_PATHS = (
					"$(inherited)",
					"@executable_path/Frameworks",
				);
				PRODUCT_BUNDLE_IDENTIFIER = com.mani.Limit;
				PRODUCT_NAME = "$(TARGET_NAME)";
				PROVISIONING_PROFILE_SPECIFIER = "";
				SWIFT_OBJC_BRIDGING_HEADER = "$(SRCROOT)/$(PRODUCT)/Bridging-Header.h";
				SWIFT_VERSION = 4.2;
				TARGETED_DEVICE_FAMILY = 1;
			};
			name = Debug;
		};
		BF8EED1821806B96003FA8B8 /* Release */ = {
			isa = XCBuildConfiguration;
			baseConfigurationReference = 636B00AF8EE7D035BAD3FF77 /* Pods-Limit.release.xcconfig */;
			buildSettings = {
				ASSETCATALOG_COMPILER_APPICON_NAME = AppIcon;
				CODE_SIGN_IDENTITY = "iPhone Developer";
				CODE_SIGN_STYLE = Automatic;
				DEVELOPMENT_TEAM = MA457A3LUC;
				INFOPLIST_FILE = Limit/Info.plist;
				LD_RUNPATH_SEARCH_PATHS = (
					"$(inherited)",
					"@executable_path/Frameworks",
				);
				PRODUCT_BUNDLE_IDENTIFIER = com.mani.Limit;
				PRODUCT_NAME = "$(TARGET_NAME)";
				PROVISIONING_PROFILE_SPECIFIER = "";
				SWIFT_OBJC_BRIDGING_HEADER = "$(SRCROOT)/$(PRODUCT)/Bridging-Header.h";
				SWIFT_VERSION = 4.2;
				TARGETED_DEVICE_FAMILY = 1;
			};
			name = Release;
		};
/* End XCBuildConfiguration section */

/* Begin XCConfigurationList section */
		BF8EECFF21806B94003FA8B8 /* Build configuration list for PBXProject "Limit" */ = {
			isa = XCConfigurationList;
			buildConfigurations = (
				BF8EED1421806B96003FA8B8 /* Debug */,
				BF8EED1521806B96003FA8B8 /* Release */,
			);
			defaultConfigurationIsVisible = 0;
			defaultConfigurationName = Release;
		};
		BF8EED1621806B96003FA8B8 /* Build configuration list for PBXNativeTarget "Limit" */ = {
			isa = XCConfigurationList;
			buildConfigurations = (
				BF8EED1721806B96003FA8B8 /* Debug */,
				BF8EED1821806B96003FA8B8 /* Release */,
			);
			defaultConfigurationIsVisible = 0;
			defaultConfigurationName = Release;
		};
/* End XCConfigurationList section */
	};
	rootObject = BF8EECFC21806B94003FA8B8 /* Project object */;
}
