// !$*UTF8*$!
{
	archiveVersion = 1;
	classes = {
	};
	objectVersion = 50;
	objects = {

/* Begin PBXBuildFile section */
		3CA9D538FAFA46516C06AE06 /* Pods_Limit.framework in Frameworks */ = {isa = PBXBuildFile; fileRef = BFE8F1A822B650ED00B415E0 /* Pods_Limit.framework */; };
		BF284BB12290D730002E701E /* ClockViewController.swift in Sources */ = {isa = PBXBuildFile; fileRef = BF380DAE228BC5F600E88BFC /* ClockViewController.swift */; };
		BF380DAB228AF9C400E88BFC /* CustomPickerView.swift in Sources */ = {isa = PBXBuildFile; fileRef = BF380DAA228AF9C400E88BFC /* CustomPickerView.swift */; };
		BF3E963B22A7758000A7F9BD /* SettingViewController.swift in Sources */ = {isa = PBXBuildFile; fileRef = BF3E963A22A7758000A7F9BD /* SettingViewController.swift */; };
		BF3E963D22A8AC1900A7F9BD /* CustomHighlightButton.swift in Sources */ = {isa = PBXBuildFile; fileRef = BF3E963C22A8AC1900A7F9BD /* CustomHighlightButton.swift */; };
		BF530B42218AE3ED00CE6CF9 /* Settings.bundle in Resources */ = {isa = PBXBuildFile; fileRef = BF530B41218AE3ED00CE6CF9 /* Settings.bundle */; };
		BF8510DB228AE74D001D3779 /* CustomDatePicker.swift in Sources */ = {isa = PBXBuildFile; fileRef = BF8510DA228AE74D001D3779 /* CustomDatePicker.swift */; };
		BF8EED0821806B94003FA8B8 /* AppDelegate.swift in Sources */ = {isa = PBXBuildFile; fileRef = BF8EED0721806B94003FA8B8 /* AppDelegate.swift */; };
		BF8EED0D21806B94003FA8B8 /* Main.storyboard in Resources */ = {isa = PBXBuildFile; fileRef = BF8EED0B21806B94003FA8B8 /* Main.storyboard */; };
		BF8EED0F21806B96003FA8B8 /* Assets.xcassets in Resources */ = {isa = PBXBuildFile; fileRef = BF8EED0E21806B96003FA8B8 /* Assets.xcassets */; };
		BF8EED1221806B96003FA8B8 /* LaunchScreen.storyboard in Resources */ = {isa = PBXBuildFile; fileRef = BF8EED1021806B96003FA8B8 /* LaunchScreen.storyboard */; };
		BFB7775D2326719A0068AF51 /* UserInfo.swift in Sources */ = {isa = PBXBuildFile; fileRef = BFD68379228ACC7F0001A7E5 /* UserInfo.swift */; };
		BFB7775E2326719A0068AF51 /* LifeSpanCounter.swift in Sources */ = {isa = PBXBuildFile; fileRef = BF380DAC228BAF7100E88BFC /* LifeSpanCounter.swift */; };
		BFB7775F2326719A0068AF51 /* UserInfoDataSouce.swift in Sources */ = {isa = PBXBuildFile; fileRef = BFD68377228ACC780001A7E5 /* UserInfoDataSouce.swift */; };
		BFB77761232674780068AF51 /* ProgressLabel.swift in Sources */ = {isa = PBXBuildFile; fileRef = BFB77760232674780068AF51 /* ProgressLabel.swift */; };
		BFB777672326B4990068AF51 /* GoogleService-Info.plist in Resources */ = {isa = PBXBuildFile; fileRef = BFB777662326B4990068AF51 /* GoogleService-Info.plist */; };
		BFB777682326B70A0068AF51 /* SmartFontUI.otf in Resources */ = {isa = PBXBuildFile; fileRef = BFB777622326842A0068AF51 /* SmartFontUI.otf */; };
		BFB777692326B70A0068AF51 /* BigJohnPRO-Regular.otf in Resources */ = {isa = PBXBuildFile; fileRef = BFB77763232684370068AF51 /* BigJohnPRO-Regular.otf */; };
		BFB9A60F22ACDC76006567D9 /* LimitUITests.swift in Sources */ = {isa = PBXBuildFile; fileRef = BFB9A60E22ACDC76006567D9 /* LimitUITests.swift */; };
		BFB9A61D22ACDC82006567D9 /* LimitTests.swift in Sources */ = {isa = PBXBuildFile; fileRef = BFB9A61C22ACDC82006567D9 /* LimitTests.swift */; };
		BFC2170422814C560050DF2C /* UIColor+.swift in Sources */ = {isa = PBXBuildFile; fileRef = BFC2170322814C560050DF2C /* UIColor+.swift */; };
		BFC2170A22815EE70050DF2C /* CustomNavigationController.swift in Sources */ = {isa = PBXBuildFile; fileRef = BFC2170922815EE70050DF2C /* CustomNavigationController.swift */; };
		BFD68370228AB9B70001A7E5 /* FadeTransitionAnimator.swift in Sources */ = {isa = PBXBuildFile; fileRef = BFD6836F228AB9B70001A7E5 /* FadeTransitionAnimator.swift */; };
		BFD68374228AC1390001A7E5 /* CustomIntroViewController.swift in Sources */ = {isa = PBXBuildFile; fileRef = BFD68373228AC1390001A7E5 /* CustomIntroViewController.swift */; };
		BFD68376228AC2190001A7E5 /* DiagnosisViewControllers.swift in Sources */ = {isa = PBXBuildFile; fileRef = BFD68375228AC2190001A7E5 /* DiagnosisViewControllers.swift */; };
		BFE858C2228D96D000290916 /* UIView+.swift in Sources */ = {isa = PBXBuildFile; fileRef = BFE858C1228D96D000290916 /* UIView+.swift */; };
		BFE858CD228D9DF400290916 /* UIViewController+.swift in Sources */ = {isa = PBXBuildFile; fileRef = BFE858CC228D9DF400290916 /* UIViewController+.swift */; };
		BFE8F1C522B6A70800B415E0 /* ContactViewController.swift in Sources */ = {isa = PBXBuildFile; fileRef = BFE8F1C422B6A70800B415E0 /* ContactViewController.swift */; };
		BFE8F1C722B6A72300B415E0 /* ColorThemeViewController.swift in Sources */ = {isa = PBXBuildFile; fileRef = BFE8F1C622B6A72300B415E0 /* ColorThemeViewController.swift */; };
		BFE8F1C922B6A8E900B415E0 /* ColorThemeSource.swift in Sources */ = {isa = PBXBuildFile; fileRef = BFE8F1C822B6A8E900B415E0 /* ColorThemeSource.swift */; };
		BFE8F1CB22B7471F00B415E0 /* Notification+.swift in Sources */ = {isa = PBXBuildFile; fileRef = BFE8F1CA22B7471F00B415E0 /* Notification+.swift */; };
		BFE8F1CD22B7DA1A00B415E0 /* UserDefaults+.swift in Sources */ = {isa = PBXBuildFile; fileRef = BFE8F1CC22B7DA1A00B415E0 /* UserDefaults+.swift */; };
		BFE8F1D522B8877F00B415E0 /* UITextView+.swift in Sources */ = {isa = PBXBuildFile; fileRef = BFE8F1D422B8877F00B415E0 /* UITextView+.swift */; };
		BFE8F1D722B9204700B415E0 /* MailerService.swift in Sources */ = {isa = PBXBuildFile; fileRef = BFE8F1D622B9204700B415E0 /* MailerService.swift */; };
/* End PBXBuildFile section */

/* Begin PBXContainerItemProxy section */
		BFB9A61122ACDC76006567D9 /* PBXContainerItemProxy */ = {
			isa = PBXContainerItemProxy;
			containerPortal = BF8EECFC21806B94003FA8B8 /* Project object */;
			proxyType = 1;
			remoteGlobalIDString = BF8EED0321806B94003FA8B8;
			remoteInfo = Limit;
		};
		BFB9A61F22ACDC82006567D9 /* PBXContainerItemProxy */ = {
			isa = PBXContainerItemProxy;
			containerPortal = BF8EECFC21806B94003FA8B8 /* Project object */;
			proxyType = 1;
			remoteGlobalIDString = BF8EED0321806B94003FA8B8;
			remoteInfo = Limit;
		};
/* End PBXContainerItemProxy section */

/* Begin PBXCopyFilesBuildPhase section */
		BF5EBF9D22BD0871004699E5 /* Embed Watch Content */ = {
			isa = PBXCopyFilesBuildPhase;
			buildActionMask = 2147483647;
			dstPath = "$(CONTENTS_FOLDER_PATH)/Watch";
			dstSubfolderSpec = 16;
			files = (
			);
			name = "Embed Watch Content";
			runOnlyForDeploymentPostprocessing = 0;
		};
		BFE8F1A722B6454F00B415E0 /* Embed App Extensions */ = {
			isa = PBXCopyFilesBuildPhase;
			buildActionMask = 2147483647;
			dstPath = "";
			dstSubfolderSpec = 13;
			files = (
			);
			name = "Embed App Extensions";
			runOnlyForDeploymentPostprocessing = 0;
		};
		BFE8F1BF22B6595D00B415E0 /* Embed Frameworks */ = {
			isa = PBXCopyFilesBuildPhase;
			buildActionMask = 2147483647;
			dstPath = "";
			dstSubfolderSpec = 10;
			files = (
			);
			name = "Embed Frameworks";
			runOnlyForDeploymentPostprocessing = 0;
		};
/* End PBXCopyFilesBuildPhase section */

/* Begin PBXFileReference section */
		0B7CE910742E11A289338AAE /* Pods_Limit.framework */ = {isa = PBXFileReference; explicitFileType = wrapper.framework; includeInIndex = 0; path = Pods_Limit.framework; sourceTree = BUILT_PRODUCTS_DIR; };
		5DBB0980D5D34BDBFB5C619E /* Pods-Limit.debug.xcconfig */ = {isa = PBXFileReference; includeInIndex = 1; lastKnownFileType = text.xcconfig; name = "Pods-Limit.debug.xcconfig"; path = "Pods/Target Support Files/Pods-Limit/Pods-Limit.debug.xcconfig"; sourceTree = "<group>"; };
		636B00AF8EE7D035BAD3FF77 /* Pods-Limit.release.xcconfig */ = {isa = PBXFileReference; includeInIndex = 1; lastKnownFileType = text.xcconfig; name = "Pods-Limit.release.xcconfig"; path = "Pods/Target Support Files/Pods-Limit/Pods-Limit.release.xcconfig"; sourceTree = "<group>"; };
		843E71999184077E07BC2B06 /* Pods-Limit-LimitWidget.release.xcconfig */ = {isa = PBXFileReference; includeInIndex = 1; lastKnownFileType = text.xcconfig; name = "Pods-Limit-LimitWidget.release.xcconfig"; path = "Pods/Target Support Files/Pods-Limit-LimitWidget/Pods-Limit-LimitWidget.release.xcconfig"; sourceTree = "<group>"; };
		A59F92CC40A4DDCC10DF9ED1 /* Pods-Limit-LimitWidget.debug.xcconfig */ = {isa = PBXFileReference; includeInIndex = 1; lastKnownFileType = text.xcconfig; name = "Pods-Limit-LimitWidget.debug.xcconfig"; path = "Pods/Target Support Files/Pods-Limit-LimitWidget/Pods-Limit-LimitWidget.debug.xcconfig"; sourceTree = "<group>"; };
		BF380DAA228AF9C400E88BFC /* CustomPickerView.swift */ = {isa = PBXFileReference; lastKnownFileType = sourcecode.swift; path = CustomPickerView.swift; sourceTree = "<group>"; };
		BF380DAC228BAF7100E88BFC /* LifeSpanCounter.swift */ = {isa = PBXFileReference; lastKnownFileType = sourcecode.swift; path = LifeSpanCounter.swift; sourceTree = "<group>"; };
		BF380DAE228BC5F600E88BFC /* ClockViewController.swift */ = {isa = PBXFileReference; lastKnownFileType = sourcecode.swift; path = ClockViewController.swift; sourceTree = "<group>"; };
		BF3E963A22A7758000A7F9BD /* SettingViewController.swift */ = {isa = PBXFileReference; lastKnownFileType = sourcecode.swift; path = SettingViewController.swift; sourceTree = "<group>"; };
		BF3E963C22A8AC1900A7F9BD /* CustomHighlightButton.swift */ = {isa = PBXFileReference; lastKnownFileType = sourcecode.swift; path = CustomHighlightButton.swift; sourceTree = "<group>"; };
		BF530B41218AE3ED00CE6CF9 /* Settings.bundle */ = {isa = PBXFileReference; lastKnownFileType = "wrapper.plug-in"; path = Settings.bundle; sourceTree = "<group>"; };
		BF5EBF9F22BD089D004699E5 /* WaveAnimationView.framework */ = {isa = PBXFileReference; explicitFileType = wrapper.framework; path = WaveAnimationView.framework; sourceTree = BUILT_PRODUCTS_DIR; };
		BF8510DA228AE74D001D3779 /* CustomDatePicker.swift */ = {isa = PBXFileReference; lastKnownFileType = sourcecode.swift; path = CustomDatePicker.swift; sourceTree = "<group>"; };
		BF8EED0421806B94003FA8B8 /* Limit.app */ = {isa = PBXFileReference; explicitFileType = wrapper.application; includeInIndex = 0; path = Limit.app; sourceTree = BUILT_PRODUCTS_DIR; };
		BF8EED0721806B94003FA8B8 /* AppDelegate.swift */ = {isa = PBXFileReference; lastKnownFileType = sourcecode.swift; path = AppDelegate.swift; sourceTree = "<group>"; };
		BF8EED0C21806B94003FA8B8 /* Base */ = {isa = PBXFileReference; lastKnownFileType = file.storyboard; name = Base; path = Base.lproj/Main.storyboard; sourceTree = "<group>"; };
		BF8EED0E21806B96003FA8B8 /* Assets.xcassets */ = {isa = PBXFileReference; lastKnownFileType = folder.assetcatalog; path = Assets.xcassets; sourceTree = "<group>"; };
		BF8EED1121806B96003FA8B8 /* Base */ = {isa = PBXFileReference; lastKnownFileType = file.storyboard; name = Base; path = Base.lproj/LaunchScreen.storyboard; sourceTree = "<group>"; };
		BF8EED1321806B96003FA8B8 /* Info.plist */ = {isa = PBXFileReference; lastKnownFileType = text.plist.xml; path = Info.plist; sourceTree = "<group>"; };
		BFB77760232674780068AF51 /* ProgressLabel.swift */ = {isa = PBXFileReference; lastKnownFileType = sourcecode.swift; path = ProgressLabel.swift; sourceTree = "<group>"; };
		BFB777622326842A0068AF51 /* SmartFontUI.otf */ = {isa = PBXFileReference; lastKnownFileType = file; path = SmartFontUI.otf; sourceTree = "<group>"; };
		BFB77763232684370068AF51 /* BigJohnPRO-Regular.otf */ = {isa = PBXFileReference; lastKnownFileType = file; path = "BigJohnPRO-Regular.otf"; sourceTree = "<group>"; };
		BFB777662326B4990068AF51 /* GoogleService-Info.plist */ = {isa = PBXFileReference; fileEncoding = 4; lastKnownFileType = text.plist.xml; path = "GoogleService-Info.plist"; sourceTree = "<group>"; };
		BFB9A60C22ACDC76006567D9 /* LimitUITests.xctest */ = {isa = PBXFileReference; explicitFileType = wrapper.cfbundle; includeInIndex = 0; path = LimitUITests.xctest; sourceTree = BUILT_PRODUCTS_DIR; };
		BFB9A60E22ACDC76006567D9 /* LimitUITests.swift */ = {isa = PBXFileReference; lastKnownFileType = sourcecode.swift; path = LimitUITests.swift; sourceTree = "<group>"; };
		BFB9A61022ACDC76006567D9 /* Info.plist */ = {isa = PBXFileReference; lastKnownFileType = text.plist.xml; path = Info.plist; sourceTree = "<group>"; };
		BFB9A61A22ACDC82006567D9 /* LimitTests.xctest */ = {isa = PBXFileReference; explicitFileType = wrapper.cfbundle; includeInIndex = 0; path = LimitTests.xctest; sourceTree = BUILT_PRODUCTS_DIR; };
		BFB9A61C22ACDC82006567D9 /* LimitTests.swift */ = {isa = PBXFileReference; lastKnownFileType = sourcecode.swift; path = LimitTests.swift; sourceTree = "<group>"; };
		BFB9A61E22ACDC82006567D9 /* Info.plist */ = {isa = PBXFileReference; lastKnownFileType = text.plist.xml; path = Info.plist; sourceTree = "<group>"; };
		BFC2170322814C560050DF2C /* UIColor+.swift */ = {isa = PBXFileReference; lastKnownFileType = sourcecode.swift; path = "UIColor+.swift"; sourceTree = "<group>"; };
		BFC2170922815EE70050DF2C /* CustomNavigationController.swift */ = {isa = PBXFileReference; lastKnownFileType = sourcecode.swift; path = CustomNavigationController.swift; sourceTree = "<group>"; };
		BFD6836F228AB9B70001A7E5 /* FadeTransitionAnimator.swift */ = {isa = PBXFileReference; lastKnownFileType = sourcecode.swift; path = FadeTransitionAnimator.swift; sourceTree = "<group>"; };
		BFD68373228AC1390001A7E5 /* CustomIntroViewController.swift */ = {isa = PBXFileReference; lastKnownFileType = sourcecode.swift; path = CustomIntroViewController.swift; sourceTree = "<group>"; };
		BFD68375228AC2190001A7E5 /* DiagnosisViewControllers.swift */ = {isa = PBXFileReference; lastKnownFileType = sourcecode.swift; path = DiagnosisViewControllers.swift; sourceTree = "<group>"; };
		BFD68377228ACC780001A7E5 /* UserInfoDataSouce.swift */ = {isa = PBXFileReference; lastKnownFileType = sourcecode.swift; path = UserInfoDataSouce.swift; sourceTree = "<group>"; };
		BFD68379228ACC7F0001A7E5 /* UserInfo.swift */ = {isa = PBXFileReference; lastKnownFileType = sourcecode.swift; path = UserInfo.swift; sourceTree = "<group>"; };
		BFE858C1228D96D000290916 /* UIView+.swift */ = {isa = PBXFileReference; lastKnownFileType = sourcecode.swift; path = "UIView+.swift"; sourceTree = "<group>"; };
		BFE858CC228D9DF400290916 /* UIViewController+.swift */ = {isa = PBXFileReference; lastKnownFileType = sourcecode.swift; name = "UIViewController+.swift"; path = "Limit/Extensions/UIViewController+.swift"; sourceTree = SOURCE_ROOT; };
		BFE8F19822B6454F00B415E0 /* NotificationCenter.framework */ = {isa = PBXFileReference; lastKnownFileType = wrapper.framework; name = NotificationCenter.framework; path = System/Library/Frameworks/NotificationCenter.framework; sourceTree = SDKROOT; };
		BFE8F1A822B650ED00B415E0 /* Pods_Limit.framework */ = {isa = PBXFileReference; explicitFileType = wrapper.framework; path = Pods_Limit.framework; sourceTree = BUILT_PRODUCTS_DIR; };
		BFE8F1AA22B6513300B415E0 /* WaveAnimationView.framework */ = {isa = PBXFileReference; explicitFileType = wrapper.framework; path = WaveAnimationView.framework; sourceTree = BUILT_PRODUCTS_DIR; };
		BFE8F1AC22B656F600B415E0 /* Limit.entitlements */ = {isa = PBXFileReference; lastKnownFileType = text.plist.entitlements; path = Limit.entitlements; sourceTree = "<group>"; };
		BFE8F1C422B6A70800B415E0 /* ContactViewController.swift */ = {isa = PBXFileReference; lastKnownFileType = sourcecode.swift; path = ContactViewController.swift; sourceTree = "<group>"; };
		BFE8F1C622B6A72300B415E0 /* ColorThemeViewController.swift */ = {isa = PBXFileReference; lastKnownFileType = sourcecode.swift; path = ColorThemeViewController.swift; sourceTree = "<group>"; };
		BFE8F1C822B6A8E900B415E0 /* ColorThemeSource.swift */ = {isa = PBXFileReference; lastKnownFileType = sourcecode.swift; path = ColorThemeSource.swift; sourceTree = "<group>"; };
		BFE8F1CA22B7471F00B415E0 /* Notification+.swift */ = {isa = PBXFileReference; lastKnownFileType = sourcecode.swift; path = "Notification+.swift"; sourceTree = "<group>"; };
		BFE8F1CC22B7DA1A00B415E0 /* UserDefaults+.swift */ = {isa = PBXFileReference; lastKnownFileType = sourcecode.swift; path = "UserDefaults+.swift"; sourceTree = "<group>"; };
		BFE8F1CE22B874D500B415E0 /* WaveAnimationView.framework */ = {isa = PBXFileReference; explicitFileType = wrapper.framework; path = WaveAnimationView.framework; sourceTree = BUILT_PRODUCTS_DIR; };
		BFE8F1D022B874FA00B415E0 /* WaveAnimationView.framework */ = {isa = PBXFileReference; explicitFileType = wrapper.framework; path = WaveAnimationView.framework; sourceTree = BUILT_PRODUCTS_DIR; };
		BFE8F1D422B8877F00B415E0 /* UITextView+.swift */ = {isa = PBXFileReference; lastKnownFileType = sourcecode.swift; path = "UITextView+.swift"; sourceTree = "<group>"; };
		BFE8F1D622B9204700B415E0 /* MailerService.swift */ = {isa = PBXFileReference; lastKnownFileType = sourcecode.swift; path = MailerService.swift; sourceTree = "<group>"; };
		EB3DFAF0AD9E9B41BA71C913 /* Pods_Limit_LimitWidget.framework */ = {isa = PBXFileReference; explicitFileType = wrapper.framework; includeInIndex = 0; path = Pods_Limit_LimitWidget.framework; sourceTree = BUILT_PRODUCTS_DIR; };
/* End PBXFileReference section */

/* Begin PBXFrameworksBuildPhase section */
		BF8EED0121806B94003FA8B8 /* Frameworks */ = {
			isa = PBXFrameworksBuildPhase;
			buildActionMask = 2147483647;
			files = (
				3CA9D538FAFA46516C06AE06 /* Pods_Limit.framework in Frameworks */,
			);
			runOnlyForDeploymentPostprocessing = 0;
		};
		BFB9A60922ACDC76006567D9 /* Frameworks */ = {
			isa = PBXFrameworksBuildPhase;
			buildActionMask = 2147483647;
			files = (
			);
			runOnlyForDeploymentPostprocessing = 0;
		};
		BFB9A61722ACDC82006567D9 /* Frameworks */ = {
			isa = PBXFrameworksBuildPhase;
			buildActionMask = 2147483647;
			files = (
			);
			runOnlyForDeploymentPostprocessing = 0;
		};
/* End PBXFrameworksBuildPhase section */

/* Begin PBXGroup section */
		845BE1A575A32CA12CB7F936 /* Pods */ = {
			isa = PBXGroup;
			children = (
				5DBB0980D5D34BDBFB5C619E /* Pods-Limit.debug.xcconfig */,
				636B00AF8EE7D035BAD3FF77 /* Pods-Limit.release.xcconfig */,
				A59F92CC40A4DDCC10DF9ED1 /* Pods-Limit-LimitWidget.debug.xcconfig */,
				843E71999184077E07BC2B06 /* Pods-Limit-LimitWidget.release.xcconfig */,
			);
			name = Pods;
			sourceTree = "<group>";
		};
		BBB3E12E7530D8B2AC717D09 /* Frameworks */ = {
			isa = PBXGroup;
			children = (
				BF5EBF9F22BD089D004699E5 /* WaveAnimationView.framework */,
				BFE8F1D022B874FA00B415E0 /* WaveAnimationView.framework */,
				BFE8F1CE22B874D500B415E0 /* WaveAnimationView.framework */,
				BFE8F1AA22B6513300B415E0 /* WaveAnimationView.framework */,
				BFE8F1A822B650ED00B415E0 /* Pods_Limit.framework */,
				0B7CE910742E11A289338AAE /* Pods_Limit.framework */,
				BFE8F19822B6454F00B415E0 /* NotificationCenter.framework */,
				EB3DFAF0AD9E9B41BA71C913 /* Pods_Limit_LimitWidget.framework */,
			);
			name = Frameworks;
			sourceTree = "<group>";
		};
		BF8EECFB21806B94003FA8B8 = {
			isa = PBXGroup;
			children = (
				BF8EED0621806B94003FA8B8 /* Limit */,
				BFB9A60D22ACDC76006567D9 /* LimitUITests */,
				BFB9A61B22ACDC82006567D9 /* LimitTests */,
				BF8EED0521806B94003FA8B8 /* Products */,
				845BE1A575A32CA12CB7F936 /* Pods */,
				BBB3E12E7530D8B2AC717D09 /* Frameworks */,
			);
			sourceTree = "<group>";
		};
		BF8EED0521806B94003FA8B8 /* Products */ = {
			isa = PBXGroup;
			children = (
				BF8EED0421806B94003FA8B8 /* Limit.app */,
				BFB9A60C22ACDC76006567D9 /* LimitUITests.xctest */,
				BFB9A61A22ACDC82006567D9 /* LimitTests.xctest */,
			);
			name = Products;
			sourceTree = "<group>";
		};
		BF8EED0621806B94003FA8B8 /* Limit */ = {
			isa = PBXGroup;
			children = (
				BFE8F1AC22B656F600B415E0 /* Limit.entitlements */,
				BF8EED0721806B94003FA8B8 /* AppDelegate.swift */,
				BFB777662326B4990068AF51 /* GoogleService-Info.plist */,
				BF8EED1321806B96003FA8B8 /* Info.plist */,
				BF530B41218AE3ED00CE6CF9 /* Settings.bundle */,
				BFC2170222814C330050DF2C /* Extensions */,
				BFE858C4228D9C6800290916 /* Storyboards */,
				BFC216FF228145FC0050DF2C /* ViewController */,
				BFC216FC228145BA0050DF2C /* Model */,
				BF8EED0E21806B96003FA8B8 /* Assets.xcassets */,
				BFE858C5228D9C7F00290916 /* Assets */,
			);
			path = Limit;
			sourceTree = "<group>";
		};
		BFB9A60D22ACDC76006567D9 /* LimitUITests */ = {
			isa = PBXGroup;
			children = (
				BFB9A60E22ACDC76006567D9 /* LimitUITests.swift */,
				BFB9A61022ACDC76006567D9 /* Info.plist */,
			);
			path = LimitUITests;
			sourceTree = "<group>";
		};
		BFB9A61B22ACDC82006567D9 /* LimitTests */ = {
			isa = PBXGroup;
			children = (
				BFB9A61C22ACDC82006567D9 /* LimitTests.swift */,
				BFB9A61E22ACDC82006567D9 /* Info.plist */,
			);
			path = LimitTests;
			sourceTree = "<group>";
		};
		BFC216FC228145BA0050DF2C /* Model */ = {
			isa = PBXGroup;
			children = (
				BFE858C3228D9C0800290916 /* CustomUI */,
				BFE8F1C822B6A8E900B415E0 /* ColorThemeSource.swift */,
				BFE8F1D622B9204700B415E0 /* MailerService.swift */,
				BF380DAC228BAF7100E88BFC /* LifeSpanCounter.swift */,
				BFD68379228ACC7F0001A7E5 /* UserInfo.swift */,
				BFD68377228ACC780001A7E5 /* UserInfoDataSouce.swift */,
			);
			path = Model;
			sourceTree = "<group>";
		};
		BFC216FF228145FC0050DF2C /* ViewController */ = {
			isa = PBXGroup;
			children = (
				BFD68375228AC2190001A7E5 /* DiagnosisViewControllers.swift */,
				BF380DAE228BC5F600E88BFC /* ClockViewController.swift */,
				BFE8F1C422B6A70800B415E0 /* ContactViewController.swift */,
				BFE8F1C622B6A72300B415E0 /* ColorThemeViewController.swift */,
				BF3E963A22A7758000A7F9BD /* SettingViewController.swift */,
			);
			path = ViewController;
			sourceTree = "<group>";
		};
		BFC2170222814C330050DF2C /* Extensions */ = {
			isa = PBXGroup;
			children = (
				BFC2170322814C560050DF2C /* UIColor+.swift */,
				BFE858C1228D96D000290916 /* UIView+.swift */,
				BFE858CC228D9DF400290916 /* UIViewController+.swift */,
				BFE8F1CA22B7471F00B415E0 /* Notification+.swift */,
				BFE8F1CC22B7DA1A00B415E0 /* UserDefaults+.swift */,
				BFE8F1D422B8877F00B415E0 /* UITextView+.swift */,
			);
			path = Extensions;
			sourceTree = "<group>";
		};
		BFE858C3228D9C0800290916 /* CustomUI */ = {
			isa = PBXGroup;
			children = (
				BF3E963C22A8AC1900A7F9BD /* CustomHighlightButton.swift */,
				BFD6836F228AB9B70001A7E5 /* FadeTransitionAnimator.swift */,
				BFD68373228AC1390001A7E5 /* CustomIntroViewController.swift */,
				BF8510DA228AE74D001D3779 /* CustomDatePicker.swift */,
				BF380DAA228AF9C400E88BFC /* CustomPickerView.swift */,
				BFC2170922815EE70050DF2C /* CustomNavigationController.swift */,
				BFB77760232674780068AF51 /* ProgressLabel.swift */,
			);
			path = CustomUI;
			sourceTree = "<group>";
		};
		BFE858C4228D9C6800290916 /* Storyboards */ = {
			isa = PBXGroup;
			children = (
				BF8EED1021806B96003FA8B8 /* LaunchScreen.storyboard */,
				BF8EED0B21806B94003FA8B8 /* Main.storyboard */,
			);
			path = Storyboards;
			sourceTree = "<group>";
		};
		BFE858C5228D9C7F00290916 /* Assets */ = {
			isa = PBXGroup;
			children = (
				BFB777622326842A0068AF51 /* SmartFontUI.otf */,
				BFB77763232684370068AF51 /* BigJohnPRO-Regular.otf */,
			);
			name = Assets;
			path = /Users/aion/Desktop/Limit_all/Limit/Limit/..;
			sourceTree = "<absolute>";
		};
/* End PBXGroup section */

/* Begin PBXNativeTarget section */
		BF8EED0321806B94003FA8B8 /* Limit */ = {
			isa = PBXNativeTarget;
			buildConfigurationList = BF8EED1621806B96003FA8B8 /* Build configuration list for PBXNativeTarget "Limit" */;
			buildPhases = (
				94978F1DB2AACE062FF8925F /* [CP] Check Pods Manifest.lock */,
				BF8EED0021806B94003FA8B8 /* Sources */,
				BF8EED0121806B94003FA8B8 /* Frameworks */,
				BF8EED0221806B94003FA8B8 /* Resources */,
				0E1403BD2A4DF3F90DB0AD3E /* [CP] Embed Pods Frameworks */,
				BFE8F1A722B6454F00B415E0 /* Embed App Extensions */,
				BFE8F1BF22B6595D00B415E0 /* Embed Frameworks */,
				BF5EBF9D22BD0871004699E5 /* Embed Watch Content */,
			);
			buildRules = (
			);
			dependencies = (
			);
			name = Limit;
			productName = Limit;
			productReference = BF8EED0421806B94003FA8B8 /* Limit.app */;
			productType = "com.apple.product-type.application";
		};
		BFB9A60B22ACDC76006567D9 /* LimitUITests */ = {
			isa = PBXNativeTarget;
			buildConfigurationList = BFB9A61522ACDC76006567D9 /* Build configuration list for PBXNativeTarget "LimitUITests" */;
			buildPhases = (
				BFB9A60822ACDC76006567D9 /* Sources */,
				BFB9A60922ACDC76006567D9 /* Frameworks */,
				BFB9A60A22ACDC76006567D9 /* Resources */,
			);
			buildRules = (
			);
			dependencies = (
				BFB9A61222ACDC76006567D9 /* PBXTargetDependency */,
			);
			name = LimitUITests;
			productName = LimitUITests;
			productReference = BFB9A60C22ACDC76006567D9 /* LimitUITests.xctest */;
			productType = "com.apple.product-type.bundle.ui-testing";
		};
		BFB9A61922ACDC82006567D9 /* LimitTests */ = {
			isa = PBXNativeTarget;
			buildConfigurationList = BFB9A62122ACDC82006567D9 /* Build configuration list for PBXNativeTarget "LimitTests" */;
			buildPhases = (
				BFB9A61622ACDC82006567D9 /* Sources */,
				BFB9A61722ACDC82006567D9 /* Frameworks */,
				BFB9A61822ACDC82006567D9 /* Resources */,
			);
			buildRules = (
			);
			dependencies = (
				BFB9A62022ACDC82006567D9 /* PBXTargetDependency */,
			);
			name = LimitTests;
			productName = LimitTests;
			productReference = BFB9A61A22ACDC82006567D9 /* LimitTests.xctest */;
			productType = "com.apple.product-type.bundle.unit-test";
		};
/* End PBXNativeTarget section */

/* Begin PBXProject section */
		BF8EECFC21806B94003FA8B8 /* Project object */ = {
			isa = PBXProject;
			attributes = {
				LastSwiftUpdateCheck = 1020;
				LastUpgradeCheck = 1000;
				ORGANIZATIONNAME = "Syunsuke Nakao";
				TargetAttributes = {
					BF8EED0321806B94003FA8B8 = {
						CreatedOnToolsVersion = 10.0;
						SystemCapabilities = {
							com.apple.ApplicationGroups.iOS = {
								enabled = 0;
							};
						};
					};
					BFB9A60B22ACDC76006567D9 = {
						CreatedOnToolsVersion = 10.2.1;
						TestTargetID = BF8EED0321806B94003FA8B8;
					};
					BFB9A61922ACDC82006567D9 = {
						CreatedOnToolsVersion = 10.2.1;
						TestTargetID = BF8EED0321806B94003FA8B8;
					};
				};
			};
			buildConfigurationList = BF8EECFF21806B94003FA8B8 /* Build configuration list for PBXProject "Limit" */;
			compatibilityVersion = "Xcode 9.3";
			developmentRegion = en;
			hasScannedForEncodings = 0;
			knownRegions = (
				en,
				Base,
			);
			mainGroup = BF8EECFB21806B94003FA8B8;
			productRefGroup = BF8EED0521806B94003FA8B8 /* Products */;
			projectDirPath = "";
			projectRoot = "";
			targets = (
				BF8EED0321806B94003FA8B8 /* Limit */,
				BFB9A60B22ACDC76006567D9 /* LimitUITests */,
				BFB9A61922ACDC82006567D9 /* LimitTests */,
			);
		};
/* End PBXProject section */

/* Begin PBXResourcesBuildPhase section */
		BF8EED0221806B94003FA8B8 /* Resources */ = {
			isa = PBXResourcesBuildPhase;
			buildActionMask = 2147483647;
			files = (
				BFB777682326B70A0068AF51 /* SmartFontUI.otf in Resources */,
				BFB777692326B70A0068AF51 /* BigJohnPRO-Regular.otf in Resources */,
				BF8EED1221806B96003FA8B8 /* LaunchScreen.storyboard in Resources */,
				BF530B42218AE3ED00CE6CF9 /* Settings.bundle in Resources */,
				BFB777672326B4990068AF51 /* GoogleService-Info.plist in Resources */,
				BF8EED0F21806B96003FA8B8 /* Assets.xcassets in Resources */,
				BF8EED0D21806B94003FA8B8 /* Main.storyboard in Resources */,
			);
			runOnlyForDeploymentPostprocessing = 0;
		};
		BFB9A60A22ACDC76006567D9 /* Resources */ = {
			isa = PBXResourcesBuildPhase;
			buildActionMask = 2147483647;
			files = (
			);
			runOnlyForDeploymentPostprocessing = 0;
		};
		BFB9A61822ACDC82006567D9 /* Resources */ = {
			isa = PBXResourcesBuildPhase;
			buildActionMask = 2147483647;
			files = (
			);
			runOnlyForDeploymentPostprocessing = 0;
		};
/* End PBXResourcesBuildPhase section */

/* Begin PBXShellScriptBuildPhase section */
		0E1403BD2A4DF3F90DB0AD3E /* [CP] Embed Pods Frameworks */ = {
			isa = PBXShellScriptBuildPhase;
			buildActionMask = 2147483647;
			files = (
			);
			inputFileListPaths = (
			);
			inputPaths = (
				"${PODS_ROOT}/Target Support Files/Pods-Limit/Pods-Limit-frameworks.sh",
				"${BUILT_PRODUCTS_DIR}/GTMSessionFetcher/GTMSessionFetcher.framework",
				"${BUILT_PRODUCTS_DIR}/GoogleUtilities/GoogleUtilities.framework",
				"${BUILT_PRODUCTS_DIR}/SVProgressHUD/SVProgressHUD.framework",
				"${BUILT_PRODUCTS_DIR}/WaveAnimationView/WaveAnimationView.framework",
				"${BUILT_PRODUCTS_DIR}/nanopb/nanopb.framework",
			);
			name = "[CP] Embed Pods Frameworks";
			outputFileListPaths = (
			);
			outputPaths = (
				"${TARGET_BUILD_DIR}/${FRAMEWORKS_FOLDER_PATH}/GTMSessionFetcher.framework",
				"${TARGET_BUILD_DIR}/${FRAMEWORKS_FOLDER_PATH}/GoogleUtilities.framework",
				"${TARGET_BUILD_DIR}/${FRAMEWORKS_FOLDER_PATH}/SVProgressHUD.framework",
				"${TARGET_BUILD_DIR}/${FRAMEWORKS_FOLDER_PATH}/WaveAnimationView.framework",
				"${TARGET_BUILD_DIR}/${FRAMEWORKS_FOLDER_PATH}/nanopb.framework",
			);
			runOnlyForDeploymentPostprocessing = 0;
			shellPath = /bin/sh;
			shellScript = "\"${PODS_ROOT}/Target Support Files/Pods-Limit/Pods-Limit-frameworks.sh\"\n";
			showEnvVarsInLog = 0;
		};
		94978F1DB2AACE062FF8925F /* [CP] Check Pods Manifest.lock */ = {
			isa = PBXShellScriptBuildPhase;
			buildActionMask = 2147483647;
			files = (
			);
			inputPaths = (
				"${PODS_PODFILE_DIR_PATH}/Podfile.lock",
				"${PODS_ROOT}/Manifest.lock",
			);
			name = "[CP] Check Pods Manifest.lock";
			outputPaths = (
				"$(DERIVED_FILE_DIR)/Pods-Limit-checkManifestLockResult.txt",
			);
			runOnlyForDeploymentPostprocessing = 0;
			shellPath = /bin/sh;
			shellScript = "diff \"${PODS_PODFILE_DIR_PATH}/Podfile.lock\" \"${PODS_ROOT}/Manifest.lock\" > /dev/null\nif [ $? != 0 ] ; then\n    # print error to STDERR\n    echo \"error: The sandbox is not in sync with the Podfile.lock. Run 'pod install' or update your CocoaPods installation.\" >&2\n    exit 1\nfi\n# This output is used by Xcode 'outputs' to avoid re-running this script phase.\necho \"SUCCESS\" > \"${SCRIPT_OUTPUT_FILE_0}\"\n";
			showEnvVarsInLog = 0;
		};
/* End PBXShellScriptBuildPhase section */

/* Begin PBXSourcesBuildPhase section */
		BF8EED0021806B94003FA8B8 /* Sources */ = {
			isa = PBXSourcesBuildPhase;
			buildActionMask = 2147483647;
			files = (
				BFD68376228AC2190001A7E5 /* DiagnosisViewControllers.swift in Sources */,
				BFC2170422814C560050DF2C /* UIColor+.swift in Sources */,
				BFE8F1CB22B7471F00B415E0 /* Notification+.swift in Sources */,
				BF284BB12290D730002E701E /* ClockViewController.swift in Sources */,
				BF3E963D22A8AC1900A7F9BD /* CustomHighlightButton.swift in Sources */,
				BFE8F1C922B6A8E900B415E0 /* ColorThemeSource.swift in Sources */,
				BF3E963B22A7758000A7F9BD /* SettingViewController.swift in Sources */,
				BFB77761232674780068AF51 /* ProgressLabel.swift in Sources */,
				BF8EED0821806B94003FA8B8 /* AppDelegate.swift in Sources */,
				BFE858CD228D9DF400290916 /* UIViewController+.swift in Sources */,
				BFE8F1D522B8877F00B415E0 /* UITextView+.swift in Sources */,
				BFD68370228AB9B70001A7E5 /* FadeTransitionAnimator.swift in Sources */,
				BFE858C2228D96D000290916 /* UIView+.swift in Sources */,
				BFE8F1CD22B7DA1A00B415E0 /* UserDefaults+.swift in Sources */,
				BFE8F1C722B6A72300B415E0 /* ColorThemeViewController.swift in Sources */,
				BF8510DB228AE74D001D3779 /* CustomDatePicker.swift in Sources */,
				BFD68374228AC1390001A7E5 /* CustomIntroViewController.swift in Sources */,
				BF380DAB228AF9C400E88BFC /* CustomPickerView.swift in Sources */,
				BFE8F1D722B9204700B415E0 /* MailerService.swift in Sources */,
				BFB7775E2326719A0068AF51 /* LifeSpanCounter.swift in Sources */,
				BFB7775F2326719A0068AF51 /* UserInfoDataSouce.swift in Sources */,
				BFC2170A22815EE70050DF2C /* CustomNavigationController.swift in Sources */,
				BFB7775D2326719A0068AF51 /* UserInfo.swift in Sources */,
				BFE8F1C522B6A70800B415E0 /* ContactViewController.swift in Sources */,
			);
			runOnlyForDeploymentPostprocessing = 0;
		};
		BFB9A60822ACDC76006567D9 /* Sources */ = {
			isa = PBXSourcesBuildPhase;
			buildActionMask = 2147483647;
			files = (
				BFB9A60F22ACDC76006567D9 /* LimitUITests.swift in Sources */,
			);
			runOnlyForDeploymentPostprocessing = 0;
		};
		BFB9A61622ACDC82006567D9 /* Sources */ = {
			isa = PBXSourcesBuildPhase;
			buildActionMask = 2147483647;
			files = (
				BFB9A61D22ACDC82006567D9 /* LimitTests.swift in Sources */,
			);
			runOnlyForDeploymentPostprocessing = 0;
		};
/* End PBXSourcesBuildPhase section */

/* Begin PBXTargetDependency section */
		BFB9A61222ACDC76006567D9 /* PBXTargetDependency */ = {
			isa = PBXTargetDependency;
			target = BF8EED0321806B94003FA8B8 /* Limit */;
			targetProxy = BFB9A61122ACDC76006567D9 /* PBXContainerItemProxy */;
		};
		BFB9A62022ACDC82006567D9 /* PBXTargetDependency */ = {
			isa = PBXTargetDependency;
			target = BF8EED0321806B94003FA8B8 /* Limit */;
			targetProxy = BFB9A61F22ACDC82006567D9 /* PBXContainerItemProxy */;
		};
/* End PBXTargetDependency section */

/* Begin PBXVariantGroup section */
		BF8EED0B21806B94003FA8B8 /* Main.storyboard */ = {
			isa = PBXVariantGroup;
			children = (
				BF8EED0C21806B94003FA8B8 /* Base */,
			);
			name = Main.storyboard;
			sourceTree = "<group>";
		};
		BF8EED1021806B96003FA8B8 /* LaunchScreen.storyboard */ = {
			isa = PBXVariantGroup;
			children = (
				BF8EED1121806B96003FA8B8 /* Base */,
			);
			name = LaunchScreen.storyboard;
			sourceTree = "<group>";
		};
/* End PBXVariantGroup section */

/* Begin XCBuildConfiguration section */
		BF8EED1421806B96003FA8B8 /* Debug */ = {
			isa = XCBuildConfiguration;
			buildSettings = {
				ALWAYS_SEARCH_USER_PATHS = NO;
				CLANG_ANALYZER_NONNULL = YES;
				CLANG_ANALYZER_NUMBER_OBJECT_CONVERSION = YES_AGGRESSIVE;
				CLANG_CXX_LANGUAGE_STANDARD = "gnu++14";
				CLANG_CXX_LIBRARY = "libc++";
				CLANG_ENABLE_MODULES = YES;
				CLANG_ENABLE_OBJC_ARC = YES;
				CLANG_ENABLE_OBJC_WEAK = YES;
				CLANG_WARN_BLOCK_CAPTURE_AUTORELEASING = YES;
				CLANG_WARN_BOOL_CONVERSION = YES;
				CLANG_WARN_COMMA = YES;
				CLANG_WARN_CONSTANT_CONVERSION = YES;
				CLANG_WARN_DEPRECATED_OBJC_IMPLEMENTATIONS = YES;
				CLANG_WARN_DIRECT_OBJC_ISA_USAGE = YES_ERROR;
				CLANG_WARN_DOCUMENTATION_COMMENTS = YES;
				CLANG_WARN_EMPTY_BODY = YES;
				CLANG_WARN_ENUM_CONVERSION = YES;
				CLANG_WARN_INFINITE_RECURSION = YES;
				CLANG_WARN_INT_CONVERSION = YES;
				CLANG_WARN_NON_LITERAL_NULL_CONVERSION = YES;
				CLANG_WARN_OBJC_IMPLICIT_RETAIN_SELF = YES;
				CLANG_WARN_OBJC_LITERAL_CONVERSION = YES;
				CLANG_WARN_OBJC_ROOT_CLASS = YES_ERROR;
				CLANG_WARN_RANGE_LOOP_ANALYSIS = YES;
				CLANG_WARN_STRICT_PROTOTYPES = YES;
				CLANG_WARN_SUSPICIOUS_MOVE = YES;
				CLANG_WARN_UNGUARDED_AVAILABILITY = YES_AGGRESSIVE;
				CLANG_WARN_UNREACHABLE_CODE = YES;
				CLANG_WARN__DUPLICATE_METHOD_MATCH = YES;
				CODE_SIGN_IDENTITY = "iPhone Distribution: Syunsuke Nakao (MA457A3LUC)";
				COPY_PHASE_STRIP = NO;
				DEBUG_INFORMATION_FORMAT = dwarf;
				ENABLE_STRICT_OBJC_MSGSEND = YES;
				ENABLE_TESTABILITY = YES;
				GCC_C_LANGUAGE_STANDARD = gnu11;
				GCC_DYNAMIC_NO_PIC = NO;
				GCC_NO_COMMON_BLOCKS = YES;
				GCC_OPTIMIZATION_LEVEL = 0;
				GCC_PREPROCESSOR_DEFINITIONS = (
					"DEBUG=1",
					"$(inherited)",
				);
				GCC_WARN_64_TO_32_BIT_CONVERSION = YES;
				GCC_WARN_ABOUT_RETURN_TYPE = YES_ERROR;
				GCC_WARN_UNDECLARED_SELECTOR = YES;
				GCC_WARN_UNINITIALIZED_AUTOS = YES_AGGRESSIVE;
				GCC_WARN_UNUSED_FUNCTION = YES;
				GCC_WARN_UNUSED_VARIABLE = YES;
				IPHONEOS_DEPLOYMENT_TARGET = 12.0;
				MTL_ENABLE_DEBUG_INFO = INCLUDE_SOURCE;
				MTL_FAST_MATH = YES;
				ONLY_ACTIVE_ARCH = YES;
				SDKROOT = iphoneos;
				SWIFT_ACTIVE_COMPILATION_CONDITIONS = DEBUG;
				SWIFT_OPTIMIZATION_LEVEL = "-Onone";
			};
			name = Debug;
		};
		BF8EED1521806B96003FA8B8 /* Release */ = {
			isa = XCBuildConfiguration;
			buildSettings = {
				ALWAYS_SEARCH_USER_PATHS = NO;
				CLANG_ANALYZER_NONNULL = YES;
				CLANG_ANALYZER_NUMBER_OBJECT_CONVERSION = YES_AGGRESSIVE;
				CLANG_CXX_LANGUAGE_STANDARD = "gnu++14";
				CLANG_CXX_LIBRARY = "libc++";
				CLANG_ENABLE_MODULES = YES;
				CLANG_ENABLE_OBJC_ARC = YES;
				CLANG_ENABLE_OBJC_WEAK = YES;
				CLANG_WARN_BLOCK_CAPTURE_AUTORELEASING = YES;
				CLANG_WARN_BOOL_CONVERSION = YES;
				CLANG_WARN_COMMA = YES;
				CLANG_WARN_CONSTANT_CONVERSION = YES;
				CLANG_WARN_DEPRECATED_OBJC_IMPLEMENTATIONS = YES;
				CLANG_WARN_DIRECT_OBJC_ISA_USAGE = YES_ERROR;
				CLANG_WARN_DOCUMENTATION_COMMENTS = YES;
				CLANG_WARN_EMPTY_BODY = YES;
				CLANG_WARN_ENUM_CONVERSION = YES;
				CLANG_WARN_INFINITE_RECURSION = YES;
				CLANG_WARN_INT_CONVERSION = YES;
				CLANG_WARN_NON_LITERAL_NULL_CONVERSION = YES;
				CLANG_WARN_OBJC_IMPLICIT_RETAIN_SELF = YES;
				CLANG_WARN_OBJC_LITERAL_CONVERSION = YES;
				CLANG_WARN_OBJC_ROOT_CLASS = YES_ERROR;
				CLANG_WARN_RANGE_LOOP_ANALYSIS = YES;
				CLANG_WARN_STRICT_PROTOTYPES = YES;
				CLANG_WARN_SUSPICIOUS_MOVE = YES;
				CLANG_WARN_UNGUARDED_AVAILABILITY = YES_AGGRESSIVE;
				CLANG_WARN_UNREACHABLE_CODE = YES;
				CLANG_WARN__DUPLICATE_METHOD_MATCH = YES;
				CODE_SIGN_IDENTITY = "iPhone Distribution: Syunsuke Nakao (MA457A3LUC)";
				COPY_PHASE_STRIP = NO;
				DEBUG_INFORMATION_FORMAT = "dwarf-with-dsym";
				ENABLE_NS_ASSERTIONS = NO;
				ENABLE_STRICT_OBJC_MSGSEND = YES;
				GCC_C_LANGUAGE_STANDARD = gnu11;
				GCC_NO_COMMON_BLOCKS = YES;
				GCC_WARN_64_TO_32_BIT_CONVERSION = YES;
				GCC_WARN_ABOUT_RETURN_TYPE = YES_ERROR;
				GCC_WARN_UNDECLARED_SELECTOR = YES;
				GCC_WARN_UNINITIALIZED_AUTOS = YES_AGGRESSIVE;
				GCC_WARN_UNUSED_FUNCTION = YES;
				GCC_WARN_UNUSED_VARIABLE = YES;
				IPHONEOS_DEPLOYMENT_TARGET = 12.0;
				MTL_ENABLE_DEBUG_INFO = NO;
				MTL_FAST_MATH = YES;
				SDKROOT = iphoneos;
				SWIFT_COMPILATION_MODE = wholemodule;
				SWIFT_OPTIMIZATION_LEVEL = "-O";
				VALIDATE_PRODUCT = YES;
			};
			name = Release;
		};
		BF8EED1721806B96003FA8B8 /* Debug */ = {
			isa = XCBuildConfiguration;
			baseConfigurationReference = 5DBB0980D5D34BDBFB5C619E /* Pods-Limit.debug.xcconfig */;
			buildSettings = {
				ASSETCATALOG_COMPILER_APPICON_NAME = AppIcon;
				CODE_SIGN_IDENTITY = "iPhone Developer";
				CODE_SIGN_STYLE = Automatic;
				DEVELOPMENT_TEAM = MA457A3LUC;
				INFOPLIST_FILE = Limit/Info.plist;
				IPHONEOS_DEPLOYMENT_TARGET = 12.2;
				LD_RUNPATH_SEARCH_PATHS = (
					"$(inherited)",
					"@executable_path/Frameworks",
				);
				PRODUCT_BUNDLE_IDENTIFIER = com.mani.Limit;
				PRODUCT_NAME = "$(TARGET_NAME)";
				PROVISIONING_PROFILE_SPECIFIER = "";
				SWIFT_OBJC_BRIDGING_HEADER = "$(SRCROOT)/$(PRODUCT)/Bridging-Header.h";
				SWIFT_VERSION = 4.2;
				TARGETED_DEVICE_FAMILY = 1;
			};
			name = Debug;
		};
		BF8EED1821806B96003FA8B8 /* Release */ = {
			isa = XCBuildConfiguration;
			baseConfigurationReference = 636B00AF8EE7D035BAD3FF77 /* Pods-Limit.release.xcconfig */;
			buildSettings = {
				ASSETCATALOG_COMPILER_APPICON_NAME = AppIcon;
				CODE_SIGN_IDENTITY = "iPhone Developer";
				CODE_SIGN_STYLE = Automatic;
				DEVELOPMENT_TEAM = MA457A3LUC;
				INFOPLIST_FILE = Limit/Info.plist;
				IPHONEOS_DEPLOYMENT_TARGET = 12.2;
				LD_RUNPATH_SEARCH_PATHS = (
					"$(inherited)",
					"@executable_path/Frameworks",
				);
				PRODUCT_BUNDLE_IDENTIFIER = com.mani.Limit;
				PRODUCT_NAME = "$(TARGET_NAME)";
				PROVISIONING_PROFILE_SPECIFIER = "";
				SWIFT_OBJC_BRIDGING_HEADER = "$(SRCROOT)/$(PRODUCT)/Bridging-Header.h";
				SWIFT_VERSION = 4.2;
				TARGETED_DEVICE_FAMILY = 1;
			};
			name = Release;
		};
		BFB9A61322ACDC76006567D9 /* Debug */ = {
			isa = XCBuildConfiguration;
			buildSettings = {
				CODE_SIGN_IDENTITY = "iPhone Developer";
				CODE_SIGN_STYLE = Automatic;
				DEVELOPMENT_TEAM = MA457A3LUC;
				INFOPLIST_FILE = LimitUITests/Info.plist;
				IPHONEOS_DEPLOYMENT_TARGET = 12.2;
				LD_RUNPATH_SEARCH_PATHS = (
					"$(inherited)",
					"@executable_path/Frameworks",
					"@loader_path/Frameworks",
				);
				PRODUCT_BUNDLE_IDENTIFIER = com.mani.LimitUITests;
				PRODUCT_NAME = "$(TARGET_NAME)";
				SWIFT_VERSION = 5.0;
				TARGETED_DEVICE_FAMILY = "1,2";
				TEST_TARGET_NAME = Limit;
			};
			name = Debug;
		};
		BFB9A61422ACDC76006567D9 /* Release */ = {
			isa = XCBuildConfiguration;
			buildSettings = {
				CODE_SIGN_IDENTITY = "iPhone Developer";
				CODE_SIGN_STYLE = Automatic;
				DEVELOPMENT_TEAM = MA457A3LUC;
				INFOPLIST_FILE = LimitUITests/Info.plist;
				IPHONEOS_DEPLOYMENT_TARGET = 12.2;
				LD_RUNPATH_SEARCH_PATHS = (
					"$(inherited)",
					"@executable_path/Frameworks",
					"@loader_path/Frameworks",
				);
				PRODUCT_BUNDLE_IDENTIFIER = com.mani.LimitUITests;
				PRODUCT_NAME = "$(TARGET_NAME)";
				SWIFT_VERSION = 5.0;
				TARGETED_DEVICE_FAMILY = "1,2";
				TEST_TARGET_NAME = Limit;
			};
			name = Release;
		};
		BFB9A62222ACDC82006567D9 /* Debug */ = {
			isa = XCBuildConfiguration;
			buildSettings = {
				BUNDLE_LOADER = "$(TEST_HOST)";
				CODE_SIGN_IDENTITY = "iPhone Developer";
				CODE_SIGN_STYLE = Automatic;
				DEVELOPMENT_TEAM = MA457A3LUC;
				INFOPLIST_FILE = LimitTests/Info.plist;
				IPHONEOS_DEPLOYMENT_TARGET = 12.2;
				LD_RUNPATH_SEARCH_PATHS = (
					"$(inherited)",
					"@executable_path/Frameworks",
					"@loader_path/Frameworks",
				);
				PRODUCT_BUNDLE_IDENTIFIER = com.mani.LimitTests;
				PRODUCT_NAME = "$(TARGET_NAME)";
				SWIFT_VERSION = 5.0;
				TARGETED_DEVICE_FAMILY = "1,2";
				TEST_HOST = "$(BUILT_PRODUCTS_DIR)/Limit.app/Limit";
			};
			name = Debug;
		};
		BFB9A62322ACDC82006567D9 /* Release */ = {
			isa = XCBuildConfiguration;
			buildSettings = {
				BUNDLE_LOADER = "$(TEST_HOST)";
				CODE_SIGN_IDENTITY = "iPhone Developer";
				CODE_SIGN_STYLE = Automatic;
				DEVELOPMENT_TEAM = MA457A3LUC;
				INFOPLIST_FILE = LimitTests/Info.plist;
				IPHONEOS_DEPLOYMENT_TARGET = 12.2;
				LD_RUNPATH_SEARCH_PATHS = (
					"$(inherited)",
					"@executable_path/Frameworks",
					"@loader_path/Frameworks",
				);
				PRODUCT_BUNDLE_IDENTIFIER = com.mani.LimitTests;
				PRODUCT_NAME = "$(TARGET_NAME)";
				SWIFT_VERSION = 5.0;
				TARGETED_DEVICE_FAMILY = "1,2";
				TEST_HOST = "$(BUILT_PRODUCTS_DIR)/Limit.app/Limit";
			};
			name = Release;
		};
/* End XCBuildConfiguration section */

/* Begin XCConfigurationList section */
		BF8EECFF21806B94003FA8B8 /* Build configuration list for PBXProject "Limit" */ = {
			isa = XCConfigurationList;
			buildConfigurations = (
				BF8EED1421806B96003FA8B8 /* Debug */,
				BF8EED1521806B96003FA8B8 /* Release */,
			);
			defaultConfigurationIsVisible = 0;
			defaultConfigurationName = Release;
		};
		BF8EED1621806B96003FA8B8 /* Build configuration list for PBXNativeTarget "Limit" */ = {
			isa = XCConfigurationList;
			buildConfigurations = (
				BF8EED1721806B96003FA8B8 /* Debug */,
				BF8EED1821806B96003FA8B8 /* Release */,
			);
			defaultConfigurationIsVisible = 0;
			defaultConfigurationName = Release;
		};
		BFB9A61522ACDC76006567D9 /* Build configuration list for PBXNativeTarget "LimitUITests" */ = {
			isa = XCConfigurationList;
			buildConfigurations = (
				BFB9A61322ACDC76006567D9 /* Debug */,
				BFB9A61422ACDC76006567D9 /* Release */,
			);
			defaultConfigurationIsVisible = 0;
			defaultConfigurationName = Release;
		};
		BFB9A62122ACDC82006567D9 /* Build configuration list for PBXNativeTarget "LimitTests" */ = {
			isa = XCConfigurationList;
			buildConfigurations = (
				BFB9A62222ACDC82006567D9 /* Debug */,
				BFB9A62322ACDC82006567D9 /* Release */,
			);
			defaultConfigurationIsVisible = 0;
			defaultConfigurationName = Release;
		};
/* End XCConfigurationList section */
	};
	rootObject = BF8EECFC21806B94003FA8B8 /* Project object */;
}
